
Microsoft Visual Studio Solution File, Format Version 12.00
# Visual Studio Version 16
VisualStudioVersion = 16.0.33130.400
MinimumVisualStudioVersion = 10.0.40219.1
Project("{FAE04EC0-301F-11D3-BF4B-00C04F79EFBC}") = "pass data controler to view", "pass data controler to view\pass data controler to view.csproj", "{03FE121F-2FDC-4E98-9C45-3E3448AB04C3}"
EndProject
Global
	GlobalSection(SolutionConfigurationPlatforms) = preSolution
		Debug|Any CPU = Debug|Any CPU
		Release|Any CPU = Release|Any CPU
	EndGlobalSection
	GlobalSection(ProjectConfigurationPlatforms) = postSolution
		{03FE121F-2FDC-4E98-9C45-3E3448AB04C3}.Debug|Any CPU.ActiveCfg = Debug|Any CPU
		{03FE121F-2FDC-4E98-9C45-3E3448AB04C3}.Debug|Any CPU.Build.0 = Debug|Any CPU
		{03FE121F-2FDC-4E98-9C45-3E3448AB04C3}.Release|Any CPU.ActiveCfg = Release|Any CPU
		{03FE121F-2FDC-4E98-9C45-3E3448AB04C3}.Release|Any CPU.Build.0 = Release|Any CPU
	EndGlobalSection
	GlobalSection(SolutionProperties) = preSolution
		HideSolutionNode = FALSE
	EndGlobalSection
	GlobalSection(ExtensibilityGlobals) = postSolution
		SolutionGuid = {F55CB92B-0DFD-4C42-896E-BECBB4058CF2}
	EndGlobalSection
EndGlobal
